
Microsoft Visual Studio Solution File, Format Version 12.00
# Visual Studio Version 17
VisualStudioVersion = 17.14.36623.8
MinimumVisualStudioVersion = 10.0.40219.1
Project("{FAE04EC0-301F-11D3-BF4B-00C04F79EFBC}") = "Movie&TVQuizApp", "Movie&TVQuizApp\Movie&TVQuizApp.csproj", "{FC5BF79A-27C9-4199-A02A-81826E3C715F}"
EndProject
Project("{2150E333-8FDC-42A3-9474-1A3956D46DE8}") = "ソリューション項目", "ソリューション項目", "{2022CB0F-8BAF-F49E-0C48-8EF4C96EC109}"
EndProject
Global
	GlobalSection(SolutionConfigurationPlatforms) = preSolution
		Debug|Any CPU = Debug|Any CPU
		Debug|x64 = Debug|x64
		Release|Any CPU = Release|Any CPU
		Release|x64 = Release|x64
	EndGlobalSection
	GlobalSection(ProjectConfigurationPlatforms) = postSolution
		{FC5BF79A-27C9-4199-A02A-81826E3C715F}.Debug|Any CPU.ActiveCfg = Debug|x64
		{FC5BF79A-27C9-4199-A02A-81826E3C715F}.Debug|Any CPU.Build.0 = Debug|x64
		{FC5BF79A-27C9-4199-A02A-81826E3C715F}.Debug|x64.ActiveCfg = Debug|x64
		{FC5BF79A-27C9-4199-A02A-81826E3C715F}.Debug|x64.Build.0 = Debug|x64
		{FC5BF79A-27C9-4199-A02A-81826E3C715F}.Release|Any CPU.ActiveCfg = Release|Any CPU
		{FC5BF79A-27C9-4199-A02A-81826E3C715F}.Release|Any CPU.Build.0 = Release|Any CPU
		{FC5BF79A-27C9-4199-A02A-81826E3C715F}.Release|x64.ActiveCfg = Release|x64
		{FC5BF79A-27C9-4199-A02A-81826E3C715F}.Release|x64.Build.0 = Release|x64
	EndGlobalSection
	GlobalSection(SolutionProperties) = preSolution
		HideSolutionNode = FALSE
	EndGlobalSection
	GlobalSection(ExtensibilityGlobals) = postSolution
		SolutionGuid = {BF8F9D95-482D-4B6D-BBB7-48BA393DB75D}
	EndGlobalSection
EndGlobal
